// !$*UTF8*$!
{
	archiveVersion = 1;
	classes = {
	};
	objectVersion = 48;
	objects = {

/* Begin PBXBuildFile section */
		27DD167F2040527200E9AF44 /* AppDelegate.swift in Sources */ = {isa = PBXBuildFile; fileRef = 27DD167E2040527200E9AF44 /* AppDelegate.swift */; };
		27DD16812040527200E9AF44 /* RollViewController.swift in Sources */ = {isa = PBXBuildFile; fileRef = 27DD16802040527200E9AF44 /* RollViewController.swift */; };
		27DD16842040527200E9AF44 /* Main.storyboard in Resources */ = {isa = PBXBuildFile; fileRef = 27DD16822040527200E9AF44 /* Main.storyboard */; };
		27DD16862040527200E9AF44 /* Assets.xcassets in Resources */ = {isa = PBXBuildFile; fileRef = 27DD16852040527200E9AF44 /* Assets.xcassets */; };
		27DD16892040527200E9AF44 /* LaunchScreen.storyboard in Resources */ = {isa = PBXBuildFile; fileRef = 27DD16872040527200E9AF44 /* LaunchScreen.storyboard */; };
		27DD16942040527200E9AF44 /* DiceRollTests.swift in Sources */ = {isa = PBXBuildFile; fileRef = 27DD16932040527200E9AF44 /* DiceRollTests.swift */; };
		27DD169F2040527200E9AF44 /* DiceRollUITests.swift in Sources */ = {isa = PBXBuildFile; fileRef = 27DD169E2040527200E9AF44 /* DiceRollUITests.swift */; };
		27DD16AD2040540000E9AF44 /* DiceViewController.swift in Sources */ = {isa = PBXBuildFile; fileRef = 27DD16AC2040540000E9AF44 /* DiceViewController.swift */; };
/* End PBXBuildFile section */

/* Begin PBXContainerItemProxy section */
		27DD16902040527200E9AF44 /* PBXContainerItemProxy */ = {
			isa = PBXContainerItemProxy;
			containerPortal = 27DD16732040527200E9AF44 /* Project object */;
			proxyType = 1;
			remoteGlobalIDString = 27DD167A2040527200E9AF44;
			remoteInfo = DiceRoll;
		};
		27DD169B2040527200E9AF44 /* PBXContainerItemProxy */ = {
			isa = PBXContainerItemProxy;
			containerPortal = 27DD16732040527200E9AF44 /* Project object */;
			proxyType = 1;
			remoteGlobalIDString = 27DD167A2040527200E9AF44;
			remoteInfo = DiceRoll;
		};
/* End PBXContainerItemProxy section */

/* Begin PBXFileReference section */
		27DD167B2040527200E9AF44 /* DiceRoll.app */ = {isa = PBXFileReference; explicitFileType = wrapper.application; includeInIndex = 0; path = DiceRoll.app; sourceTree = BUILT_PRODUCTS_DIR; };
		27DD167E2040527200E9AF44 /* AppDelegate.swift */ = {isa = PBXFileReference; lastKnownFileType = sourcecode.swift; path = AppDelegate.swift; sourceTree = "<group>"; };
		27DD16802040527200E9AF44 /* RollViewController.swift */ = {isa = PBXFileReference; lastKnownFileType = sourcecode.swift; path = RollViewController.swift; sourceTree = "<group>"; };
		27DD16832040527200E9AF44 /* Base */ = {isa = PBXFileReference; lastKnownFileType = file.storyboard; name = Base; path = Base.lproj/Main.storyboard; sourceTree = "<group>"; };
		27DD16852040527200E9AF44 /* Assets.xcassets */ = {isa = PBXFileReference; lastKnownFileType = folder.assetcatalog; path = Assets.xcassets; sourceTree = "<group>"; };
		27DD16882040527200E9AF44 /* Base */ = {isa = PBXFileReference; lastKnownFileType = file.storyboard; name = Base; path = Base.lproj/LaunchScreen.storyboard; sourceTree = "<group>"; };
		27DD168A2040527200E9AF44 /* Info.plist */ = {isa = PBXFileReference; lastKnownFileType = text.plist.xml; path = Info.plist; sourceTree = "<group>"; };
		27DD168F2040527200E9AF44 /* DiceRollTests.xctest */ = {isa = PBXFileReference; explicitFileType = wrapper.cfbundle; includeInIndex = 0; path = DiceRollTests.xctest; sourceTree = BUILT_PRODUCTS_DIR; };
		27DD16932040527200E9AF44 /* DiceRollTests.swift */ = {isa = PBXFileReference; lastKnownFileType = sourcecode.swift; path = DiceRollTests.swift; sourceTree = "<group>"; };
		27DD16952040527200E9AF44 /* Info.plist */ = {isa = PBXFileReference; lastKnownFileType = text.plist.xml; path = Info.plist; sourceTree = "<group>"; };
		27DD169A2040527200E9AF44 /* DiceRollUITests.xctest */ = {isa = PBXFileReference; explicitFileType = wrapper.cfbundle; includeInIndex = 0; path = DiceRollUITests.xctest; sourceTree = BUILT_PRODUCTS_DIR; };
		27DD169E2040527200E9AF44 /* DiceRollUITests.swift */ = {isa = PBXFileReference; lastKnownFileType = sourcecode.swift; path = DiceRollUITests.swift; sourceTree = "<group>"; };
		27DD16A02040527200E9AF44 /* Info.plist */ = {isa = PBXFileReference; lastKnownFileType = text.plist.xml; path = Info.plist; sourceTree = "<group>"; };
		27DD16AC2040540000E9AF44 /* DiceViewController.swift */ = {isa = PBXFileReference; lastKnownFileType = sourcecode.swift; path = DiceViewController.swift; sourceTree = "<group>"; };
/* End PBXFileReference section */

/* Begin PBXFrameworksBuildPhase section */
		27DD16782040527200E9AF44 /* Frameworks */ = {
			isa = PBXFrameworksBuildPhase;
			buildActionMask = 2147483647;
			files = (
			);
			runOnlyForDeploymentPostprocessing = 0;
		};
		27DD168C2040527200E9AF44 /* Frameworks */ = {
			isa = PBXFrameworksBuildPhase;
			buildActionMask = 2147483647;
			files = (
			);
			runOnlyForDeploymentPostprocessing = 0;
		};
		27DD16972040527200E9AF44 /* Frameworks */ = {
			isa = PBXFrameworksBuildPhase;
			buildActionMask = 2147483647;
			files = (
			);
			runOnlyForDeploymentPostprocessing = 0;
		};
/* End PBXFrameworksBuildPhase section */

/* Begin PBXGroup section */
		27DD16722040527200E9AF44 = {
			isa = PBXGroup;
			children = (
				27DD167D2040527200E9AF44 /* DiceRoll */,
				27DD16922040527200E9AF44 /* DiceRollTests */,
				27DD169D2040527200E9AF44 /* DiceRollUITests */,
				27DD167C2040527200E9AF44 /* Products */,
			);
			sourceTree = "<group>";
		};
		27DD167C2040527200E9AF44 /* Products */ = {
			isa = PBXGroup;
			children = (
				27DD167B2040527200E9AF44 /* DiceRoll.app */,
				27DD168F2040527200E9AF44 /* DiceRollTests.xctest */,
				27DD169A2040527200E9AF44 /* DiceRollUITests.xctest */,
			);
			name = Products;
			sourceTree = "<group>";
		};
		27DD167D2040527200E9AF44 /* DiceRoll */ = {
			isa = PBXGroup;
			children = (
				27DD167E2040527200E9AF44 /* AppDelegate.swift */,
				27DD16802040527200E9AF44 /* RollViewController.swift */,
				27DD16822040527200E9AF44 /* Main.storyboard */,
				27DD16852040527200E9AF44 /* Assets.xcassets */,
				27DD16872040527200E9AF44 /* LaunchScreen.storyboard */,
				27DD168A2040527200E9AF44 /* Info.plist */,
				27DD16AC2040540000E9AF44 /* DiceViewController.swift */,
			);
			path = DiceRoll;
			sourceTree = "<group>";
		};
		27DD16922040527200E9AF44 /* DiceRollTests */ = {
			isa = PBXGroup;
			children = (
				27DD16932040527200E9AF44 /* DiceRollTests.swift */,
				27DD16952040527200E9AF44 /* Info.plist */,
			);
			path = DiceRollTests;
			sourceTree = "<group>";
		};
		27DD169D2040527200E9AF44 /* DiceRollUITests */ = {
			isa = PBXGroup;
			children = (
				27DD169E2040527200E9AF44 /* DiceRollUITests.swift */,
				27DD16A02040527200E9AF44 /* Info.plist */,
			);
			path = DiceRollUITests;
			sourceTree = "<group>";
		};
/* End PBXGroup section */

/* Begin PBXNativeTarget section */
		27DD167A2040527200E9AF44 /* DiceRoll */ = {
			isa = PBXNativeTarget;
			buildConfigurationList = 27DD16A32040527200E9AF44 /* Build configuration list for PBXNativeTarget "DiceRoll" */;
			buildPhases = (
				27DD16772040527200E9AF44 /* Sources */,
				27DD16782040527200E9AF44 /* Frameworks */,
				27DD16792040527200E9AF44 /* Resources */,
			);
			buildRules = (
			);
			dependencies = (
			);
			name = DiceRoll;
			productName = DiceRoll;
			productReference = 27DD167B2040527200E9AF44 /* DiceRoll.app */;
			productType = "com.apple.product-type.application";
		};
		27DD168E2040527200E9AF44 /* DiceRollTests */ = {
			isa = PBXNativeTarget;
			buildConfigurationList = 27DD16A62040527200E9AF44 /* Build configuration list for PBXNativeTarget "DiceRollTests" */;
			buildPhases = (
				27DD168B2040527200E9AF44 /* Sources */,
				27DD168C2040527200E9AF44 /* Frameworks */,
				27DD168D2040527200E9AF44 /* Resources */,
			);
			buildRules = (
			);
			dependencies = (
				27DD16912040527200E9AF44 /* PBXTargetDependency */,
			);
			name = DiceRollTests;
			productName = DiceRollTests;
			productReference = 27DD168F2040527200E9AF44 /* DiceRollTests.xctest */;
			productType = "com.apple.product-type.bundle.unit-test";
		};
		27DD16992040527200E9AF44 /* DiceRollUITests */ = {
			isa = PBXNativeTarget;
			buildConfigurationList = 27DD16A92040527200E9AF44 /* Build configuration list for PBXNativeTarget "DiceRollUITests" */;
			buildPhases = (
				27DD16962040527200E9AF44 /* Sources */,
				27DD16972040527200E9AF44 /* Frameworks */,
				27DD16982040527200E9AF44 /* Resources */,
			);
			buildRules = (
			);
			dependencies = (
				27DD169C2040527200E9AF44 /* PBXTargetDependency */,
			);
			name = DiceRollUITests;
			productName = DiceRollUITests;
			productReference = 27DD169A2040527200E9AF44 /* DiceRollUITests.xctest */;
			productType = "com.apple.product-type.bundle.ui-testing";
		};
/* End PBXNativeTarget section */

/* Begin PBXProject section */
		27DD16732040527200E9AF44 /* Project object */ = {
			isa = PBXProject;
			attributes = {
				LastSwiftUpdateCheck = 0920;
				LastUpgradeCheck = 0920;
				ORGANIZATIONNAME = PakoSt;
				TargetAttributes = {
					27DD167A2040527200E9AF44 = {
						CreatedOnToolsVersion = 9.2;
						ProvisioningStyle = Automatic;
					};
					27DD168E2040527200E9AF44 = {
						CreatedOnToolsVersion = 9.2;
						ProvisioningStyle = Automatic;
						TestTargetID = 27DD167A2040527200E9AF44;
					};
					27DD16992040527200E9AF44 = {
						CreatedOnToolsVersion = 9.2;
						ProvisioningStyle = Automatic;
						TestTargetID = 27DD167A2040527200E9AF44;
					};
				};
			};
			buildConfigurationList = 27DD16762040527200E9AF44 /* Build configuration list for PBXProject "DiceRoll" */;
			compatibilityVersion = "Xcode 8.0";
			developmentRegion = en;
			hasScannedForEncodings = 0;
			knownRegions = (
				en,
				Base,
			);
			mainGroup = 27DD16722040527200E9AF44;
			productRefGroup = 27DD167C2040527200E9AF44 /* Products */;
			projectDirPath = "";
			projectRoot = "";
			targets = (
				27DD167A2040527200E9AF44 /* DiceRoll */,
				27DD168E2040527200E9AF44 /* DiceRollTests */,
				27DD16992040527200E9AF44 /* DiceRollUITests */,
			);
		};
/* End PBXProject section */

/* Begin PBXResourcesBuildPhase section */
		27DD16792040527200E9AF44 /* Resources */ = {
			isa = PBXResourcesBuildPhase;
			buildActionMask = 2147483647;
			files = (
				27DD16892040527200E9AF44 /* LaunchScreen.storyboard in Resources */,
				27DD16862040527200E9AF44 /* Assets.xcassets in Resources */,
				27DD16842040527200E9AF44 /* Main.storyboard in Resources */,
			);
			runOnlyForDeploymentPostprocessing = 0;
		};
		27DD168D2040527200E9AF44 /* Resources */ = {
			isa = PBXResourcesBuildPhase;
			buildActionMask = 2147483647;
			files = (
			);
			runOnlyForDeploymentPostprocessing = 0;
		};
		27DD16982040527200E9AF44 /* Resources */ = {
			isa = PBXResourcesBuildPhase;
			buildActionMask = 2147483647;
			files = (
			);
			runOnlyForDeploymentPostprocessing = 0;
		};
/* End PBXResourcesBuildPhase section */

/* Begin PBXSourcesBuildPhase section */
		27DD16772040527200E9AF44 /* Sources */ = {
			isa = PBXSourcesBuildPhase;
			buildActionMask = 2147483647;
			files = (
				27DD16812040527200E9AF44 /* RollViewController.swift in Sources */,
				27DD16AD2040540000E9AF44 /* DiceViewController.swift in Sources */,
				27DD167F2040527200E9AF44 /* AppDelegate.swift in Sources */,
			);
			runOnlyForDeploymentPostprocessing = 0;
		};
		27DD168B2040527200E9AF44 /* Sources */ = {
			isa = PBXSourcesBuildPhase;
			buildActionMask = 2147483647;
			files = (
				27DD16942040527200E9AF44 /* DiceRollTests.swift in Sources */,
			);
			runOnlyForDeploymentPostprocessing = 0;
		};
		27DD16962040527200E9AF44 /* Sources */ = {
			isa = PBXSourcesBuildPhase;
			buildActionMask = 2147483647;
			files = (
				27DD169F2040527200E9AF44 /* DiceRollUITests.swift in Sources */,
			);
			runOnlyForDeploymentPostprocessing = 0;
		};
/* End PBXSourcesBuildPhase section */

/* Begin PBXTargetDependency section */
		27DD16912040527200E9AF44 /* PBXTargetDependency */ = {
			isa = PBXTargetDependency;
			target = 27DD167A2040527200E9AF44 /* DiceRoll */;
			targetProxy = 27DD16902040527200E9AF44 /* PBXContainerItemProxy */;
		};
		27DD169C2040527200E9AF44 /* PBXTargetDependency */ = {
			isa = PBXTargetDependency;
			target = 27DD167A2040527200E9AF44 /* DiceRoll */;
			targetProxy = 27DD169B2040527200E9AF44 /* PBXContainerItemProxy */;
		};
/* End PBXTargetDependency section */

/* Begin PBXVariantGroup section */
		27DD16822040527200E9AF44 /* Main.storyboard */ = {
			isa = PBXVariantGroup;
			children = (
				27DD16832040527200E9AF44 /* Base */,
			);
			name = Main.storyboard;
			sourceTree = "<group>";
		};
		27DD16872040527200E9AF44 /* LaunchScreen.storyboard */ = {
			isa = PBXVariantGroup;
			children = (
				27DD16882040527200E9AF44 /* Base */,
			);
			name = LaunchScreen.storyboard;
			sourceTree = "<group>";
		};
/* End PBXVariantGroup section */

/* Begin XCBuildConfiguration section */
		27DD16A12040527200E9AF44 /* Debug */ = {
			isa = XCBuildConfiguration;
			buildSettings = {
				ALWAYS_SEARCH_USER_PATHS = NO;
				CLANG_ANALYZER_NONNULL = YES;
				CLANG_ANALYZER_NUMBER_OBJECT_CONVERSION = YES_AGGRESSIVE;
				CLANG_CXX_LANGUAGE_STANDARD = "gnu++14";
				CLANG_CXX_LIBRARY = "libc++";
				CLANG_ENABLE_MODULES = YES;
				CLANG_ENABLE_OBJC_ARC = YES;
				CLANG_WARN_BLOCK_CAPTURE_AUTORELEASING = YES;
				CLANG_WARN_BOOL_CONVERSION = YES;
				CLANG_WARN_COMMA = YES;
				CLANG_WARN_CONSTANT_CONVERSION = YES;
				CLANG_WARN_DIRECT_OBJC_ISA_USAGE = YES_ERROR;
				CLANG_WARN_DOCUMENTATION_COMMENTS = YES;
				CLANG_WARN_EMPTY_BODY = YES;
				CLANG_WARN_ENUM_CONVERSION = YES;
				CLANG_WARN_INFINITE_RECURSION = YES;
				CLANG_WARN_INT_CONVERSION = YES;
				CLANG_WARN_NON_LITERAL_NULL_CONVERSION = YES;
				CLANG_WARN_OBJC_LITERAL_CONVERSION = YES;
				CLANG_WARN_OBJC_ROOT_CLASS = YES_ERROR;
				CLANG_WARN_RANGE_LOOP_ANALYSIS = YES;
				CLANG_WARN_STRICT_PROTOTYPES = YES;
				CLANG_WARN_SUSPICIOUS_MOVE = YES;
				CLANG_WARN_UNGUARDED_AVAILABILITY = YES_AGGRESSIVE;
				CLANG_WARN_UNREACHABLE_CODE = YES;
				CLANG_WARN__DUPLICATE_METHOD_MATCH = YES;
				CODE_SIGN_IDENTITY = "iPhone Developer";
				COPY_PHASE_STRIP = NO;
				DEBUG_INFORMATION_FORMAT = dwarf;
				ENABLE_STRICT_OBJC_MSGSEND = YES;
				ENABLE_TESTABILITY = YES;
				GCC_C_LANGUAGE_STANDARD = gnu11;
				GCC_DYNAMIC_NO_PIC = NO;
				GCC_NO_COMMON_BLOCKS = YES;
				GCC_OPTIMIZATION_LEVEL = 0;
				GCC_PREPROCESSOR_DEFINITIONS = (
					"DEBUG=1",
					"$(inherited)",
				);
				GCC_WARN_64_TO_32_BIT_CONVERSION = YES;
				GCC_WARN_ABOUT_RETURN_TYPE = YES_ERROR;
				GCC_WARN_UNDECLARED_SELECTOR = YES;
				GCC_WARN_UNINITIALIZED_AUTOS = YES_AGGRESSIVE;
				GCC_WARN_UNUSED_FUNCTION = YES;
				GCC_WARN_UNUSED_VARIABLE = YES;
				IPHONEOS_DEPLOYMENT_TARGET = 11.2;
				MTL_ENABLE_DEBUG_INFO = YES;
				ONLY_ACTIVE_ARCH = YES;
				SDKROOT = iphoneos;
				SWIFT_ACTIVE_COMPILATION_CONDITIONS = DEBUG;
				SWIFT_OPTIMIZATION_LEVEL = "-Onone";
			};
			name = Debug;
		};
		27DD16A22040527200E9AF44 /* Release */ = {
			isa = XCBuildConfiguration;
			buildSettings = {
				ALWAYS_SEARCH_USER_PATHS = NO;
				CLANG_ANALYZER_NONNULL = YES;
				CLANG_ANALYZER_NUMBER_OBJECT_CONVERSION = YES_AGGRESSIVE;
				CLANG_CXX_LANGUAGE_STANDARD = "gnu++14";
				CLANG_CXX_LIBRARY = "libc++";
				CLANG_ENABLE_MODULES = YES;
				CLANG_ENABLE_OBJC_ARC = YES;
				CLANG_WARN_BLOCK_CAPTURE_AUTORELEASING = YES;
				CLANG_WARN_BOOL_CONVERSION = YES;
				CLANG_WARN_COMMA = YES;
				CLANG_WARN_CONSTANT_CONVERSION = YES;
				CLANG_WARN_DIRECT_OBJC_ISA_USAGE = YES_ERROR;
				CLANG_WARN_DOCUMENTATION_COMMENTS = YES;
				CLANG_WARN_EMPTY_BODY = YES;
				CLANG_WARN_ENUM_CONVERSION = YES;
				CLANG_WARN_INFINITE_RECURSION = YES;
				CLANG_WARN_INT_CONVERSION = YES;
				CLANG_WARN_NON_LITERAL_NULL_CONVERSION = YES;
				CLANG_WARN_OBJC_LITERAL_CONVERSION = YES;
				CLANG_WARN_OBJC_ROOT_CLASS = YES_ERROR;
				CLANG_WARN_RANGE_LOOP_ANALYSIS = YES;
				CLANG_WARN_STRICT_PROTOTYPES = YES;
				CLANG_WARN_SUSPICIOUS_MOVE = YES;
				CLANG_WARN_UNGUARDED_AVAILABILITY = YES_AGGRESSIVE;
				CLANG_WARN_UNREACHABLE_CODE = YES;
				CLANG_WARN__DUPLICATE_METHOD_MATCH = YES;
				CODE_SIGN_IDENTITY = "iPhone Developer";
				COPY_PHASE_STRIP = NO;
				DEBUG_INFORMATION_FORMAT = "dwarf-with-dsym";
				ENABLE_NS_ASSERTIONS = NO;
				ENABLE_STRICT_OBJC_MSGSEND = YES;
				GCC_C_LANGUAGE_STANDARD = gnu11;
				GCC_NO_COMMON_BLOCKS = YES;
				GCC_WARN_64_TO_32_BIT_CONVERSION = YES;
				GCC_WARN_ABOUT_RETURN_TYPE = YES_ERROR;
				GCC_WARN_UNDECLARED_SELECTOR = YES;
				GCC_WARN_UNINITIALIZED_AUTOS = YES_AGGRESSIVE;
				GCC_WARN_UNUSED_FUNCTION = YES;
				GCC_WARN_UNUSED_VARIABLE = YES;
				IPHONEOS_DEPLOYMENT_TARGET = 11.2;
				MTL_ENABLE_DEBUG_INFO = NO;
				SDKROOT = iphoneos;
				SWIFT_OPTIMIZATION_LEVEL = "-Owholemodule";
				VALIDATE_PRODUCT = YES;
			};
			name = Release;
		};
		27DD16A42040527200E9AF44 /* Debug */ = {
			isa = XCBuildConfiguration;
			buildSettings = {
				ASSETCATALOG_COMPILER_APPICON_NAME = AppIcon;
				CODE_SIGN_STYLE = Automatic;
				INFOPLIST_FILE = DiceRoll/Info.plist;
				LD_RUNPATH_SEARCH_PATHS = "$(inherited) @executable_path/Frameworks";
				PRODUCT_BUNDLE_IDENTIFIER = com.paskalstoyanov.DiceRoll;
				PRODUCT_NAME = "$(TARGET_NAME)";
				SWIFT_VERSION = 4.0;
				TARGETED_DEVICE_FAMILY = "1,2";
			};
			name = Debug;
		};
		27DD16A52040527200E9AF44 /* Release */ = {
			isa = XCBuildConfiguration;
			buildSettings = {
				ASSETCATALOG_COMPILER_APPICON_NAME = AppIcon;
				CODE_SIGN_STYLE = Automatic;
				INFOPLIST_FILE = DiceRoll/Info.plist;
				LD_RUNPATH_SEARCH_PATHS = "$(inherited) @executable_path/Frameworks";
				PRODUCT_BUNDLE_IDENTIFIER = com.paskalstoyanov.DiceRoll;
				PRODUCT_NAME = "$(TARGET_NAME)";
				SWIFT_VERSION = 4.0;
				TARGETED_DEVICE_FAMILY = "1,2";
			};
			name = Release;
		};
		27DD16A72040527200E9AF44 /* Debug */ = {
			isa = XCBuildConfiguration;
			buildSettings = {
				ALWAYS_EMBED_SWIFT_STANDARD_LIBRARIES = YES;
				BUNDLE_LOADER = "$(TEST_HOST)";
				CODE_SIGN_STYLE = Automatic;
				INFOPLIST_FILE = DiceRollTests/Info.plist;
				LD_RUNPATH_SEARCH_PATHS = "$(inherited) @executable_path/Frameworks @loader_path/Frameworks";
				PRODUCT_BUNDLE_IDENTIFIER = com.paskalstoyanov.DiceRollTests;
				PRODUCT_NAME = "$(TARGET_NAME)";
				SWIFT_VERSION = 4.0;
				TARGETED_DEVICE_FAMILY = "1,2";
				TEST_HOST = "$(BUILT_PRODUCTS_DIR)/DiceRoll.app/DiceRoll";
			};
			name = Debug;
		};
		27DD16A82040527200E9AF44 /* Release */ = {
			isa = XCBuildConfiguration;
			buildSettings = {
				ALWAYS_EMBED_SWIFT_STANDARD_LIBRARIES = YES;
				BUNDLE_LOADER = "$(TEST_HOST)";
				CODE_SIGN_STYLE = Automatic;
				INFOPLIST_FILE = DiceRollTests/Info.plist;
				LD_RUNPATH_SEARCH_PATHS = "$(inherited) @executable_path/Frameworks @loader_path/Frameworks";
				PRODUCT_BUNDLE_IDENTIFIER = com.paskalstoyanov.DiceRollTests;
				PRODUCT_NAME = "$(TARGET_NAME)";
				SWIFT_VERSION = 4.0;
				TARGETED_DEVICE_FAMILY = "1,2";
				TEST_HOST = "$(BUILT_PRODUCTS_DIR)/DiceRoll.app/DiceRoll";
			};
			name = Release;
		};
		27DD16AA2040527200E9AF44 /* Debug */ = {
			isa = XCBuildConfiguration;
			buildSettings = {
				ALWAYS_EMBED_SWIFT_STANDARD_LIBRARIES = YES;
				CODE_SIGN_STYLE = Automatic;
				INFOPLIST_FILE = DiceRollUITests/Info.plist;
				LD_RUNPATH_SEARCH_PATHS = "$(inherited) @executable_path/Frameworks @loader_path/Frameworks";
				PRODUCT_BUNDLE_IDENTIFIER = com.paskalstoyanov.DiceRollUITests;
				PRODUCT_NAME = "$(TARGET_NAME)";
				SWIFT_VERSION = 4.0;
				TARGETED_DEVICE_FAMILY = "1,2";
				TEST_TARGET_NAME = DiceRoll;
			};
			name = Debug;
		};
		27DD16AB2040527200E9AF44 /* Release */ = {
			isa = XCBuildConfiguration;
			buildSettings = {
				ALWAYS_EMBED_SWIFT_STANDARD_LIBRARIES = YES;
				CODE_SIGN_STYLE = Automatic;
				INFOPLIST_FILE = DiceRollUITests/Info.plist;
				LD_RUNPATH_SEARCH_PATHS = "$(inherited) @executable_path/Frameworks @loader_path/Frameworks";
				PRODUCT_BUNDLE_IDENTIFIER = com.paskalstoyanov.DiceRollUITests;
				PRODUCT_NAME = "$(TARGET_NAME)";
				SWIFT_VERSION = 4.0;
				TARGETED_DEVICE_FAMILY = "1,2";
				TEST_TARGET_NAME = DiceRoll;
			};
			name = Release;
		};
/* End XCBuildConfiguration section */

/* Begin XCConfigurationList section */
		27DD16762040527200E9AF44 /* Build configuration list for PBXProject "DiceRoll" */ = {
			isa = XCConfigurationList;
			buildConfigurations = (
				27DD16A12040527200E9AF44 /* Debug */,
				27DD16A22040527200E9AF44 /* Release */,
			);
			defaultConfigurationIsVisible = 0;
			defaultConfigurationName = Release;
		};
		27DD16A32040527200E9AF44 /* Build configuration list for PBXNativeTarget "DiceRoll" */ = {
			isa = XCConfigurationList;
			buildConfigurations = (
				27DD16A42040527200E9AF44 /* Debug */,
				27DD16A52040527200E9AF44 /* Release */,
			);
			defaultConfigurationIsVisible = 0;
			defaultConfigurationName = Release;
		};
		27DD16A62040527200E9AF44 /* Build configuration list for PBXNativeTarget "DiceRollTests" */ = {
			isa = XCConfigurationList;
			buildConfigurations = (
				27DD16A72040527200E9AF44 /* Debug */,
				27DD16A82040527200E9AF44 /* Release */,
			);
			defaultConfigurationIsVisible = 0;
			defaultConfigurationName = Release;
		};
		27DD16A92040527200E9AF44 /* Build configuration list for PBXNativeTarget "DiceRollUITests" */ = {
			isa = XCConfigurationList;
			buildConfigurations = (
				27DD16AA2040527200E9AF44 /* Debug */,
				27DD16AB2040527200E9AF44 /* Release */,
			);
			defaultConfigurationIsVisible = 0;
			defaultConfigurationName = Release;
		};
/* End XCConfigurationList section */
	};
	rootObject = 27DD16732040527200E9AF44 /* Project object */;
}
